{
  "pins" : [
    {
      "identity" : "charts?tab=readme-ov-file",
      "kind" : "remoteSourceControl",
      "location" : "https://github.com/danielgindi/Charts?tab=readme-ov-file",
      "state" : {
        "revision" : "0a229f8c914b0ec93798cee058cf75b339297513",
        "version" : "5.0.0"
      }
    },
    {
      "identity" : "iqkeyboardmanager",
      "kind" : "remoteSourceControl",
      "location" : "https://github.com/hackiftekhar/IQKeyboardManager.git",
      "state" : {
        "revision" : "f27ee89e64d774d15a182005aeb02f04d0ab3515",
        "version" : "7.0.0"
      }
    }
  ],
  "version" : 2
}
